version = 1
revision = 3
requires-python = ">=3.14"

[[package]]
name = "aiobt"
version = "26.6.1"
source = { editable = "." }

[package.optional-dependencies]
dev = [
    { name = "cython" },
    { name = "later" },
    { name = "pyrefly" },
    { name = "ruff" },
]

[package.metadata]
requires-dist = [
    { name = "cython", marker = "extra == 'dev'", specifier = ">=3" },
    { name = "later", marker = "extra == 'dev'" },
    { name = "pyrefly", marker = "extra == 'dev'" },
    { name = "ruff", marker = "extra == 'dev'" },
]
provides-extras = ["dev"]

[[package]]
name = "async-timeout"
version = "5.0.1"
source = { registry = "https://pypi.org/simple" }
sdist = { url = "https://files.pythonhosted.org/packages/a5/ae/136395dfbfe00dfc94da3f3e136d0b13f394cba8f4841120e34226265780/async_timeout-5.0.1.tar.gz", hash = "sha256:d9321a7a3d5a6a5e187e824d2fa0793ce379a202935782d555d6e9d2735677d3", size = 9274, upload-time = "2024-11-06T16:41:39.6Z" }
wheels = [
    { url = "https://files.pythonhosted.org/packages/fe/ba/e2081de779ca30d473f21f5b30e0e737c438205440784c7dfc81efc2b029/async_timeout-5.0.1-py3-none-any.whl", hash = "sha256:39e3809566ff85354557ec2398b55e096c8364bacac9405a7a1fa429e77fe76c", size = 6233, upload-time = "2024-11-06T16:41:37.9Z" },
]

[[package]]
name = "cython"
version = "3.2.5"
source = { registry = "https://pypi.org/simple" }
sdist = { url = "https://files.pythonhosted.org/packages/3f/3b/ebd94c8b85f8e41b5015a9ed94ee3df866024d480d05cd08b774684fb81d/cython-3.2.5.tar.gz", hash = "sha256:3dd42e4cf36ad15f265bdfec2337cc00c688c8eb6d374ffd13bb19437c27bba1", size = 3286381, upload-time = "2026-05-23T19:34:08.439Z" }
wheels = [
    { url = "https://files.pythonhosted.org/packages/82/78/668ef887621f68255feddd482dbcdcf5788b6c91227dd35bd17f128f827b/cython-3.2.5-cp314-cp314-macosx_11_0_arm64.whl", hash = "sha256:a636c8b7824f3cb587eb2fdde59d8f4a14d433565508081cc290198e37567910", size = 2981525, upload-time = "2026-05-23T19:34:58.445Z" },
    { url = "https://files.pythonhosted.org/packages/a3/26/3b0adcbab1ab97db0fbcfd6ba30e375bf2ae1ee0389279dadcc277a061a3/cython-3.2.5-cp314-cp314-manylinux2014_aarch64.manylinux_2_17_aarch64.manylinux_2_28_aarch64.whl", hash = "sha256:69cd71b90d4e0f142fd15b2353982c3f9171fc5e613001f16bcb366ffb29004b", size = 3257788, upload-time = "2026-05-23T19:35:00.764Z" },
    { url = "https://files.pythonhosted.org/packages/dd/57/4b3e78cbacff3800468632c08e2c48b0b58f0d72f20595ddc1d0c8c3442c/cython-3.2.5-cp314-cp314-manylinux2014_x86_64.manylinux_2_17_x86_64.manylinux_2_28_x86_64.whl", hash = "sha256:3864da4ca2ebe4660d8f672f2143b02840bf3045655222f6090486171c84298f", size = 3390671, upload-time = "2026-05-23T19:35:02.659Z" },
    { url = "https://files.pythonhosted.org/packages/69/22/6d93cc72ec6a840b185dc0c21a0465a79ce0e992d3863168d43170c96276/cython-3.2.5-cp314-cp314-win_amd64.whl", hash = "sha256:605c447188aecf2941709f53a2ce44862be256e54601c01b38ab710d83db8047", size = 2794115, upload-time = "2026-05-23T19:35:04.883Z" },
    { url = "https://files.pythonhosted.org/packages/a3/de/e3e0cf5704fe569d54b8cd5dc316c9fbf08b1b74728732f86e90168b7a3f/cython-3.2.5-cp39-abi3-macosx_10_9_x86_64.whl", hash = "sha256:224149d18d980e6ea5001b70fc7ce096c1891d59035dfa9cc5ede50f55804913", size = 2879054, upload-time = "2026-05-23T19:35:18.265Z" },
    { url = "https://files.pythonhosted.org/packages/3c/d1/0a6a8caa35c4c57a1f1866b1141c2d00c6af67f73edbe34b2baec6919ccf/cython-3.2.5-cp39-abi3-manylinux1_i686.manylinux_2_28_i686.manylinux_2_5_i686.whl", hash = "sha256:992a50e90d01813333752f374a4405863113059ec67102ab8d6a431a171ee328", size = 3210422, upload-time = "2026-05-23T19:35:20.641Z" },
    { url = "https://files.pythonhosted.org/packages/07/b8/2523398ec96bb0c9bf69ada625a2256a581940b09fe11fcd0029f26ef4ad/cython-3.2.5-cp39-abi3-manylinux2014_armv7l.manylinux_2_17_armv7l.manylinux_2_31_armv7l.whl", hash = "sha256:8d7b81e6a52a84a02993f01aa5873786ba1dd593c892d93d5fe9866da0bad297", size = 2863809, upload-time = "2026-05-23T19:35:22.416Z" },
    { url = "https://files.pythonhosted.org/packages/ff/3d/6b2f316d97bdb02283d79934e50da5cedfec65a536cdd3d69cc3a93486f9/cython-3.2.5-cp39-abi3-musllinux_1_2_aarch64.whl", hash = "sha256:34d21aeb08477c9173e8be7a566b19e880a7c8109ec6bb47a4b20cb680141114", size = 2992518, upload-time = "2026-05-23T19:35:24.737Z" },
    { url = "https://files.pythonhosted.org/packages/68/2c/c9238db1eba208e226d363c00c8b74bf531a6b40c75df2334baa85e142bf/cython-3.2.5-cp39-abi3-musllinux_1_2_armv7l.whl", hash = "sha256:c4c79e697db55f082a2d3ba97702e71881d5bb1f56f0a80fa338e69101e4c59b", size = 2886221, upload-time = "2026-05-23T19:35:26.64Z" },
    { url = "https://files.pythonhosted.org/packages/2d/15/229cc5c2ed92bb8b43c73a3d31c2b4eaf498409300c34a06d93147f7a42b/cython-3.2.5-cp39-abi3-musllinux_1_2_i686.whl", hash = "sha256:39acb30eba78ba6d995d5cf3d97d57d450663d93aac6f8b93753d2b89d768c60", size = 3226990, upload-time = "2026-05-23T19:35:28.979Z" },
    { url = "https://files.pythonhosted.org/packages/56/31/9c0024f2c772fc303f8cae2a204bcad2fedfaf921ba71cf13a878639432d/cython-3.2.5-cp39-abi3-musllinux_1_2_x86_64.whl", hash = "sha256:382122de8d6b6024fc374fabc3a2b14ba5860ed981c25055ed14fe44278b9dc7", size = 3111004, upload-time = "2026-05-23T19:35:30.957Z" },
    { url = "https://files.pythonhosted.org/packages/82/71/8b528247e42ee63cbe1c1d53805d30b28663fa782c88da4a9b69a1a412dd/cython-3.2.5-cp39-abi3-win32.whl", hash = "sha256:0bc29c7f870b09efdb1f583fbec9592b33af81a7ce273b89c8f5163d7572d5c1", size = 2440395, upload-time = "2026-05-23T19:35:33.082Z" },
    { url = "https://files.pythonhosted.org/packages/50/4d/81c91d3279d156ee2c9ead7ed9eaa862e498066d759e92fb83d0d842c5a7/cython-3.2.5-cp39-abi3-win_arm64.whl", hash = "sha256:85b2944c3eddfc230f9082720195a2e9f869908e5a8b3185be1be832755ee7fc", size = 2446963, upload-time = "2026-05-23T19:35:35.267Z" },
    { url = "https://files.pythonhosted.org/packages/d4/5c/9cd909e6a8bb178e4e0f9a2a9227c8201a2be38abe45ada4a4c3e9154277/cython-3.2.5-py3-none-any.whl", hash = "sha256:dc1c8cebb7df5bce37f5f8dc1e5bf04313272a5973d50a55c0ec76c83812911b", size = 1257622, upload-time = "2026-05-23T19:34:05.163Z" },
]

[[package]]
name = "later"
version = "26.1.1"
source = { registry = "https://pypi.org/simple" }
dependencies = [
    { name = "async-timeout" },
]
sdist = { url = "https://files.pythonhosted.org/packages/32/12/cc2054ff4950c802554bc187caf5088e740a1c8cadb103dcf7fef5eeddba/later-26.1.1.tar.gz", hash = "sha256:18374757d56d19690f841735ca4c89d3912087f672d01601d2bdf3b270a25f7a", size = 28905, upload-time = "2026-02-10T17:41:49.216Z" }
wheels = [
    { url = "https://files.pythonhosted.org/packages/e1/e9/e6acd88d59a56e7467f47276de7eec0afb97966f7eb9c18494a35c06b976/later-26.1.1-py3-none-any.whl", hash = "sha256:a358bcdb18e93ea4d114f4a61eae0dcad6433578adc9ad94aaa4dfa4d187141e", size = 35018, upload-time = "2026-02-10T17:41:47.937Z" },
]

[[package]]
name = "pyrefly"
version = "1.0.0"
source = { registry = "https://pypi.org/simple" }
sdist = { url = "https://files.pythonhosted.org/packages/9f/3a/9045b0097ac58979c7c30a4fa0e673db942d4adbc7b6d439bd54ae58c441/pyrefly-1.0.0.tar.gz", hash = "sha256:5c2b810ffcebd84be71de5df1223651edee951653a66935c6f091e957c452455", size = 5677995, upload-time = "2026-05-12T20:12:46.812Z" }
wheels = [
    { url = "https://files.pythonhosted.org/packages/f4/c6/90788819bac9c61dd7bacba53b79f3c12d47ccbe5e51b3d6d89f2387e1d2/pyrefly-1.0.0-py3-none-macosx_10_12_x86_64.whl", hash = "sha256:e355a0908555348ed4b9585ef25c76ff566673e345c866c325f1633f44d890b6", size = 13122950, upload-time = "2026-05-12T20:12:20.711Z" },
    { url = "https://files.pythonhosted.org/packages/82/91/a3cf2a1e87d336eaa804a1e6fc93266faf6dc2a97eecdbc7eae289628022/pyrefly-1.0.0-py3-none-macosx_11_0_arm64.whl", hash = "sha256:a7038efc3a40f8294edee339895633cf22db268c0d434cdbcbefc34f78a9ecc3", size = 12599494, upload-time = "2026-05-12T20:12:23.495Z" },
    { url = "https://files.pythonhosted.org/packages/cd/ab/74d1e11e737e99b1c003ecc5d7d2e846c4ea1f328966bfdbbd0ac63fad0a/pyrefly-1.0.0-py3-none-manylinux_2_17_aarch64.manylinux2014_aarch64.whl", hash = "sha256:da331ca515ed1c08791da2b5f664cf9c1294c48fd802133262e7d5d51e0f4416", size = 12995507, upload-time = "2026-05-12T20:12:25.951Z" },
    { url = "https://files.pythonhosted.org/packages/7c/ac/2df0899f8464c97e5d995f994c97c5cb5b0f58610432aa90d26d924e1db5/pyrefly-1.0.0-py3-none-manylinux_2_17_i686.manylinux2014_i686.whl", hash = "sha256:c74219d8f3e63cdaa5501a0b21d1c9d37011820f9606728d0ed06f09ae86a878", size = 13947693, upload-time = "2026-05-12T20:12:29.188Z" },
    { url = "https://files.pythonhosted.org/packages/6b/3e/b247c24321e36f04b7d51f9ccf3df93e5009e4b29939524b36ec2e17dc2a/pyrefly-1.0.0-py3-none-manylinux_2_17_ppc64le.manylinux2014_ppc64le.whl", hash = "sha256:c0d05543b1bb6ee6d64149eb5d6b2fb15aa72d3962d6a97abca0afaca8b0c131", size = 13925803, upload-time = "2026-05-12T20:12:31.904Z" },
    { url = "https://files.pythonhosted.org/packages/61/16/cfa2d61a4aa1e1f7bca48bb37acd01c6a09db4864b16a54f9587092765ff/pyrefly-1.0.0-py3-none-manylinux_2_17_x86_64.manylinux2014_x86_64.whl", hash = "sha256:1382d5b1fcdb49a4de9f34d112d2bddf290a78ff93ee8149492ad5f1077ddffc", size = 13470398, upload-time = "2026-05-12T20:12:35.302Z" },
    { url = "https://files.pythonhosted.org/packages/cb/2b/6372c7dddb326223e24a46b17efd0d4bd7b4fe22c821e523157577eed2d2/pyrefly-1.0.0-py3-none-win32.whl", hash = "sha256:aa8b5d0e47080e3202a2547b39f7a5a61d2c781c712b3b67884f745ca2c759d2", size = 12222643, upload-time = "2026-05-12T20:12:38.618Z" },
    { url = "https://files.pythonhosted.org/packages/be/ad/1d23be700b6b2ddaeb362360c7145917a8edbbf7240ae428d40541772fce/pyrefly-1.0.0-py3-none-win_amd64.whl", hash = "sha256:c8abcb0f2082e83c890375128f9cff4aa4d3f210b85eea7b3046c1ae764e77f5", size = 13146369, upload-time = "2026-05-12T20:12:41.423Z" },
    { url = "https://files.pythonhosted.org/packages/8c/38/16589134f3012fd097a10dcc85771555f1a5fb76e04b682597180743af30/pyrefly-1.0.0-py3-none-win_arm64.whl", hash = "sha256:d150fa9e40e8392832be81c3bcfc0497c146674ce4d0f8e04e1ec29e775ffb8c", size = 12538326, upload-time = "2026-05-12T20:12:43.996Z" },
]

[[package]]
name = "ruff"
version = "0.15.15"
source = { registry = "https://pypi.org/simple" }
sdist = { url = "https://files.pythonhosted.org/packages/84/6f/a76f7d96e5c962f5b69cee865e49c15c1116897c01990faa8a57edb62e7f/ruff-0.15.15.tar.gz", hash = "sha256:b8dff018130b46d8e5bf0f926ef6b60cf871d6d5ae45fc9334e09632daa741d6", size = 4706985, upload-time = "2026-05-28T14:16:57.784Z" }
wheels = [
    { url = "https://files.pythonhosted.org/packages/fa/9d/3a45c05b8ab04b4705989de70a79008e27c8003296a0feaee9edc18dd7e9/ruff-0.15.15-py3-none-linux_armv6l.whl", hash = "sha256:cf93e5388f412e1b108b1f8b34a6e036b70fe8aff89393befad96fe48670311b", size = 10710652, upload-time = "2026-05-28T14:16:06.701Z" },
    { url = "https://files.pythonhosted.org/packages/05/66/da974431624bf3b49f6ee1f9543c02d929ff1cba78b0d5a79c38cf21f744/ruff-0.15.15-py3-none-macosx_10_12_x86_64.whl", hash = "sha256:ac5a646d1f6a7dadd5d50842dae2c1f9862ac887ef5d1b1375e02def791fde6e", size = 11096615, upload-time = "2026-05-28T14:16:23.313Z" },
    { url = "https://files.pythonhosted.org/packages/8c/09/7443452e5d290230a712103f2fdceeef7184f3ec99a2bd01c8be78aaceb5/ruff-0.15.15-py3-none-macosx_11_0_arm64.whl", hash = "sha256:77d955a431430c66f72dd94e379ad38a16daea3d25094872ac4edf9e797be530", size = 10436683, upload-time = "2026-05-28T14:16:40.974Z" },
    { url = "https://files.pythonhosted.org/packages/53/01/d330c26a57fa4f3943a14424904027428315b700fe4d14a84bb123a649e5/ruff-0.15.15-py3-none-manylinux_2_17_aarch64.manylinux2014_aarch64.whl", hash = "sha256:7614ee79c69788cf6cedd568069ade9cecc22a1ad20494efe8d0c9ebb4b622d4", size = 10769064, upload-time = "2026-05-28T14:16:28.905Z" },
    { url = "https://files.pythonhosted.org/packages/1d/85/cc8770f8bdff541b1da8392d1634141fe4a0e3f4ee596605959b7906c27f/ruff-0.15.15-py3-none-manylinux_2_17_armv7l.manylinux2014_armv7l.whl", hash = "sha256:3cdb1679e06a1f6b47bc384714ae96f6e2fb65ca441eb78c43d2ca554176ce1f", size = 10511987, upload-time = "2026-05-28T14:16:43.732Z" },
    { url = "https://files.pythonhosted.org/packages/7c/29/8c190c1472b63013583ba391f3342036e02010544c1270455ed8e519bdf3/ruff-0.15.15-py3-none-manylinux_2_17_i686.manylinux2014_i686.whl", hash = "sha256:2728b93d7b23a603ea2c0ac6eb73d760bd38ec9de35f35fb41e18f7a3fee7622", size = 11275100, upload-time = "2026-05-28T14:16:55.244Z" },
    { url = "https://files.pythonhosted.org/packages/9f/6b/7e145ce2cc8e63d6834eca03d83a0e18d121def5c69f91b4cf4011ed4879/ruff-0.15.15-py3-none-manylinux_2_17_ppc64le.manylinux2014_ppc64le.whl", hash = "sha256:be582fcc0db438902c7792b08d6ddf6c9b9e21addaa10092c2c741cfb09e5a45", size = 12176903, upload-time = "2026-05-28T14:16:14.368Z" },
    { url = "https://files.pythonhosted.org/packages/80/a3/d5974637f68e451f7fadf015cf3101d1cd7d8ba5027cffe0b9e3826ebe6b/ruff-0.15.15-py3-none-manylinux_2_17_s390x.manylinux2014_s390x.whl", hash = "sha256:7aa77465b8ecaf1a27bea098d696f7fed5e1eccbd10b321b682d6de586ae5627", size = 11404550, upload-time = "2026-05-28T14:16:20.138Z" },
    { url = "https://files.pythonhosted.org/packages/fe/1c/e6e5e568f22be4fb05d6244234aba384c06b451252453b821e1a529263cf/ruff-0.15.15-py3-none-manylinux_2_17_x86_64.manylinux2014_x86_64.whl", hash = "sha256:48decfa11d740de4889de623be1463308346312f2409a56e24aa280c86162dc4", size = 11382027, upload-time = "2026-05-28T14:16:46.615Z" },
    { url = "https://files.pythonhosted.org/packages/1d/01/170921b49fcd2e8858825593f91cf7146c3e40a5c3e6df763e4bb0484dde/ruff-0.15.15-py3-none-manylinux_2_31_riscv64.whl", hash = "sha256:a5015088452ca0081387063649ec67f06d3d1d6b8b936a1f836b5e9657ecd48c", size = 11366041, upload-time = "2026-05-28T14:16:26.247Z" },
    { url = "https://files.pythonhosted.org/packages/87/54/a7bad711d7de93254e15e06a4c375b89a03d18de45d3e5dcc86a4472fb1a/ruff-0.15.15-py3-none-musllinux_1_2_aarch64.whl", hash = "sha256:f5294aab6356c81600fcdea3a62bb1b924dfd5e91767c12318d3f68f86af57cd", size = 10741795, upload-time = "2026-05-28T14:16:17.11Z" },
    { url = "https://files.pythonhosted.org/packages/c9/31/38c075963668f8b41c6914ee0f6f318727fbe30ab9145cb29e6df464c5fa/ruff-0.15.15-py3-none-musllinux_1_2_armv7l.whl", hash = "sha256:db5bd4d802415cca656dc1616070b725952d6ae95eb5d4831e49fbd94a38f75f", size = 10511117, upload-time = "2026-05-28T14:16:31.767Z" },
    { url = "https://files.pythonhosted.org/packages/9d/96/6ff689e1f7e375d1d97075eca022f74c2bab59554a432fe4d2e6f091986a/ruff-0.15.15-py3-none-musllinux_1_2_i686.whl", hash = "sha256:587a6278ed42059191c1a466e490bd7930fb50bd2e255398bc29616c895a61cb", size = 10994867, upload-time = "2026-05-28T14:16:35.149Z" },
    { url = "https://files.pythonhosted.org/packages/c3/c2/5dce0ab9f92a8d534fa62b9bf9caca3eddb8c1a81b616f5e195ada4f0d6e/ruff-0.15.15-py3-none-musllinux_1_2_x86_64.whl", hash = "sha256:df0c1c084f5f4be9812f61518a45c440d3c30d69ce4bf6c5270e66d38338f02a", size = 11482101, upload-time = "2026-05-28T14:16:49.598Z" },
    { url = "https://files.pythonhosted.org/packages/b1/c0/1003b60edd697c649faf61f1a34094b1abb38fb3d1181e3f895781250a08/ruff-0.15.15-py3-none-win32.whl", hash = "sha256:29428ea79694afbe756d45fd59b36f22b6b020dc0443cf7de0173046236964b9", size = 10716774, upload-time = "2026-05-28T14:16:52.337Z" },
    { url = "https://files.pythonhosted.org/packages/02/a8/1269eddd6945a06c23f055ef7848886e37cf9d6a8bebb386a3115f01470c/ruff-0.15.15-py3-none-win_amd64.whl", hash = "sha256:8df0323902e15e24bc4bf246da830573d3cf3352bd0b9a164eab335d111ff4a4", size = 11868463, upload-time = "2026-05-28T14:16:11.333Z" },
    { url = "https://files.pythonhosted.org/packages/4e/b2/920464c907b191e37469d477a1aa8bc048b8f36c4c1610dfa4ab87b39e18/ruff-0.15.15-py3-none-win_arm64.whl", hash = "sha256:3c8ceca6792f38196b8f589bc92eccd03eef286602da92e5dc05cc42ef6441b7", size = 11138498, upload-time = "2026-05-28T14:16:38.425Z" },
]
